
Microsoft Visual Studio Solution File, Format Version 12.00
# Visual Studio Version 16
VisualStudioVersion = 16.0.29519.87
MinimumVisualStudioVersion = 10.0.40219.1
Project("{FAE04EC0-301F-11D3-BF4B-00C04F79EFBC}") = "Guess the Number", "Guess the Number.csproj", "{7874F465-2F81-4770-AA45-7E22C7BE4E8E}"
EndProject
Global
	GlobalSection(SolutionConfigurationPlatforms) = preSolution
		Debug|Any CPU = Debug|Any CPU
		Release|Any CPU = Release|Any CPU
	EndGlobalSection
	GlobalSection(ProjectConfigurationPlatforms) = postSolution
		{7874F465-2F81-4770-AA45-7E22C7BE4E8E}.Debug|Any CPU.ActiveCfg = Debug|Any CPU
		{7874F465-2F81-4770-AA45-7E22C7BE4E8E}.Debug|Any CPU.Build.0 = Debug|Any CPU
		{7874F465-2F81-4770-AA45-7E22C7BE4E8E}.Release|Any CPU.ActiveCfg = Release|Any CPU
		{7874F465-2F81-4770-AA45-7E22C7BE4E8E}.Release|Any CPU.Build.0 = Release|Any CPU
	EndGlobalSection
	GlobalSection(SolutionProperties) = preSolution
		HideSolutionNode = FALSE
	EndGlobalSection
	GlobalSection(ExtensibilityGlobals) = postSolution
		SolutionGuid = {7E65A981-2E6B-416D-B8E6-16087B55D879}
	EndGlobalSection
EndGlobal
